
Microsoft Visual Studio Solution File, Format Version 12.00
# Visual Studio Version 16
VisualStudioVersion = 16.0.32228.343
MinimumVisualStudioVersion = 10.0.40219.1
Project("{FAE04EC0-301F-11D3-BF4B-00C04F79EFBC}") = "Practice space", "Practice space\Practice space.csproj", "{FF7A0748-9F0F-48D6-9908-2A4028127F87}"
EndProject
Global
	GlobalSection(SolutionConfigurationPlatforms) = preSolution
		Debug|Any CPU = Debug|Any CPU
		Release|Any CPU = Release|Any CPU
	EndGlobalSection
	GlobalSection(ProjectConfigurationPlatforms) = postSolution
		{FF7A0748-9F0F-48D6-9908-2A4028127F87}.Debug|Any CPU.ActiveCfg = Debug|Any CPU
		{FF7A0748-9F0F-48D6-9908-2A4028127F87}.Debug|Any CPU.Build.0 = Debug|Any CPU
		{FF7A0748-9F0F-48D6-9908-2A4028127F87}.Release|Any CPU.ActiveCfg = Release|Any CPU
		{FF7A0748-9F0F-48D6-9908-2A4028127F87}.Release|Any CPU.Build.0 = Release|Any CPU
	EndGlobalSection
	GlobalSection(SolutionProperties) = preSolution
		HideSolutionNode = FALSE
	EndGlobalSection
	GlobalSection(ExtensibilityGlobals) = postSolution
		SolutionGuid = {2E12DD00-34F7-4F18-8DFD-6A86F90863A3}
	EndGlobalSection
EndGlobal
