
Microsoft Visual Studio Solution File, Format Version 12.00
# Visual Studio Version 17
VisualStudioVersion = 17.2.32630.192
MinimumVisualStudioVersion = 10.0.40219.1
Project("{FAE04EC0-301F-11D3-BF4B-00C04F79EFBC}") = "Net6App", "Net6App\Net6App.csproj", "{BEBAA6F7-2426-4A67-A842-678839F4029D}"
EndProject
Global
	GlobalSection(SolutionConfigurationPlatforms) = preSolution
		Debug|Any CPU = Debug|Any CPU
		Release|Any CPU = Release|Any CPU
	EndGlobalSection
	GlobalSection(ProjectConfigurationPlatforms) = postSolution
		{BEBAA6F7-2426-4A67-A842-678839F4029D}.Debug|Any CPU.ActiveCfg = Debug|Any CPU
		{BEBAA6F7-2426-4A67-A842-678839F4029D}.Debug|Any CPU.Build.0 = Debug|Any CPU
		{BEBAA6F7-2426-4A67-A842-678839F4029D}.Release|Any CPU.ActiveCfg = Release|Any CPU
		{BEBAA6F7-2426-4A67-A842-678839F4029D}.Release|Any CPU.Build.0 = Release|Any CPU
	EndGlobalSection
	GlobalSection(SolutionProperties) = preSolution
		HideSolutionNode = FALSE
	EndGlobalSection
	GlobalSection(ExtensibilityGlobals) = postSolution
		SolutionGuid = {02A71E6D-D63C-4A36-B8D1-3A14E76B1776}
	EndGlobalSection
EndGlobal
